// !$*UTF8*$!
{
	archiveVersion = 1;
	classes = {
	};
	objectVersion = 56;
	objects = {

/* Begin PBXBuildFile section */
		DC4C47572B175E980008DCA9 /* habibe.koseoglu_Koseoglu_Habibe_hw5_main.cpp in Sources */ = {isa = PBXBuildFile; fileRef = DC4C47562B175E980008DCA9 /* habibe.koseoglu_Koseoglu_Habibe_hw5_main.cpp */; };
		DC92D9542B23663800CAF660 /* input1.txt in CopyFiles */ = {isa = PBXBuildFile; fileRef = DC92D9502B23661A00CAF660 /* input1.txt */; };
		DC92D9552B23663800CAF660 /* input2.txt in CopyFiles */ = {isa = PBXBuildFile; fileRef = DC92D9512B23661A00CAF660 /* input2.txt */; };
		DC92D9562B23663800CAF660 /* input3.txt in CopyFiles */ = {isa = PBXBuildFile; fileRef = DC92D94F2B23661A00CAF660 /* input3.txt */; };
		DC92D9572B23663800CAF660 /* input4.txt in CopyFiles */ = {isa = PBXBuildFile; fileRef = DC92D9522B23661A00CAF660 /* input4.txt */; };
		DCF997AC2B2106AE0055B663 /* habibe.koseoglu_Koseoglu_Habibe_hw5_myVector.h in Headers */ = {isa = PBXBuildFile; fileRef = DCF997AB2B2106AE0055B663 /* habibe.koseoglu_Koseoglu_Habibe_hw5_myVector.h */; };
/* End PBXBuildFile section */

/* Begin PBXCopyFilesBuildPhase section */
		DC4C47512B175E980008DCA9 /* CopyFiles */ = {
			isa = PBXCopyFilesBuildPhase;
			buildActionMask = 2147483647;
			dstPath = /usr/share/man/man1/;
			dstSubfolderSpec = 0;
			files = (
			);
			runOnlyForDeploymentPostprocessing = 1;
		};
		DC92D9532B23662A00CAF660 /* CopyFiles */ = {
			isa = PBXCopyFilesBuildPhase;
			buildActionMask = 2147483647;
			dstPath = "";
			dstSubfolderSpec = 7;
			files = (
				DC92D9542B23663800CAF660 /* input1.txt in CopyFiles */,
				DC92D9552B23663800CAF660 /* input2.txt in CopyFiles */,
				DC92D9562B23663800CAF660 /* input3.txt in CopyFiles */,
				DC92D9572B23663800CAF660 /* input4.txt in CopyFiles */,
			);
			runOnlyForDeploymentPostprocessing = 0;
		};
		DCF997A82B1FAF820055B663 /* CopyFiles */ = {
			isa = PBXCopyFilesBuildPhase;
			buildActionMask = 2147483647;
			dstPath = "";
			dstSubfolderSpec = 7;
			files = (
			);
			runOnlyForDeploymentPostprocessing = 0;
		};
/* End PBXCopyFilesBuildPhase section */

/* Begin PBXFileReference section */
		DC4C47532B175E980008DCA9 /* hw5cs204 */ = {isa = PBXFileReference; explicitFileType = "compiled.mach-o.executable"; includeInIndex = 0; path = hw5cs204; sourceTree = BUILT_PRODUCTS_DIR; };
		DC4C47562B175E980008DCA9 /* habibe.koseoglu_Koseoglu_Habibe_hw5_main.cpp */ = {isa = PBXFileReference; lastKnownFileType = sourcecode.cpp.cpp; path = habibe.koseoglu_Koseoglu_Habibe_hw5_main.cpp; sourceTree = "<group>"; };
		DC92D94F2B23661A00CAF660 /* input3.txt */ = {isa = PBXFileReference; fileEncoding = 4; lastKnownFileType = text; name = input3.txt; path = "../../HW#5/test/input3.txt"; sourceTree = "<group>"; };
		DC92D9502B23661A00CAF660 /* input1.txt */ = {isa = PBXFileReference; fileEncoding = 4; lastKnownFileType = text; name = input1.txt; path = "../../HW#5/test/input1.txt"; sourceTree = "<group>"; };
		DC92D9512B23661A00CAF660 /* input2.txt */ = {isa = PBXFileReference; fileEncoding = 4; lastKnownFileType = text; name = input2.txt; path = "../../HW#5/test/input2.txt"; sourceTree = "<group>"; };
		DC92D9522B23661A00CAF660 /* input4.txt */ = {isa = PBXFileReference; fileEncoding = 4; lastKnownFileType = text; name = input4.txt; path = "../../HW#5/test/input4.txt"; sourceTree = "<group>"; };
		DCF997AB2B2106AE0055B663 /* habibe.koseoglu_Koseoglu_Habibe_hw5_myVector.h */ = {isa = PBXFileReference; fileEncoding = 4; lastKnownFileType = sourcecode.c.h; path = habibe.koseoglu_Koseoglu_Habibe_hw5_myVector.h; sourceTree = "<group>"; };
/* End PBXFileReference section */

/* Begin PBXFrameworksBuildPhase section */
		DC4C47502B175E980008DCA9 /* Frameworks */ = {
			isa = PBXFrameworksBuildPhase;
			buildActionMask = 2147483647;
			files = (
			);
			runOnlyForDeploymentPostprocessing = 0;
		};
/* End PBXFrameworksBuildPhase section */

/* Begin PBXGroup section */
		DC4C474A2B175E980008DCA9 = {
			isa = PBXGroup;
			children = (
				DC4C47552B175E980008DCA9 /* hw5cs204 */,
				DC4C47542B175E980008DCA9 /* Products */,
			);
			sourceTree = "<group>";
		};
		DC4C47542B175E980008DCA9 /* Products */ = {
			isa = PBXGroup;
			children = (
				DC4C47532B175E980008DCA9 /* hw5cs204 */,
			);
			name = Products;
			sourceTree = "<group>";
		};
		DC4C47552B175E980008DCA9 /* hw5cs204 */ = {
			isa = PBXGroup;
			children = (
				DC4C47562B175E980008DCA9 /* habibe.koseoglu_Koseoglu_Habibe_hw5_main.cpp */,
				DCF997AB2B2106AE0055B663 /* habibe.koseoglu_Koseoglu_Habibe_hw5_myVector.h */,
				DC92D9502B23661A00CAF660 /* input1.txt */,
				DC92D9512B23661A00CAF660 /* input2.txt */,
				DC92D94F2B23661A00CAF660 /* input3.txt */,
				DC92D9522B23661A00CAF660 /* input4.txt */,
			);
			path = hw5cs204;
			sourceTree = "<group>";
		};
/* End PBXGroup section */

/* Begin PBXHeadersBuildPhase section */
		DCF997A72B1FAF770055B663 /* Headers */ = {
			isa = PBXHeadersBuildPhase;
			buildActionMask = 2147483647;
			files = (
				DCF997AC2B2106AE0055B663 /* habibe.koseoglu_Koseoglu_Habibe_hw5_myVector.h in Headers */,
			);
			runOnlyForDeploymentPostprocessing = 0;
		};
/* End PBXHeadersBuildPhase section */

/* Begin PBXNativeTarget section */
		DC4C47522B175E980008DCA9 /* hw5cs204 */ = {
			isa = PBXNativeTarget;
			buildConfigurationList = DC4C475A2B175E980008DCA9 /* Build configuration list for PBXNativeTarget "hw5cs204" */;
			buildPhases = (
				DCF997A72B1FAF770055B663 /* Headers */,
				DC4C474F2B175E980008DCA9 /* Sources */,
				DC4C47502B175E980008DCA9 /* Frameworks */,
				DC4C47512B175E980008DCA9 /* CopyFiles */,
				DCF997A82B1FAF820055B663 /* CopyFiles */,
				DC92D9532B23662A00CAF660 /* CopyFiles */,
			);
			buildRules = (
			);
			dependencies = (
			);
			name = hw5cs204;
			productName = hw5cs204;
			productReference = DC4C47532B175E980008DCA9 /* hw5cs204 */;
			productType = "com.apple.product-type.tool";
		};
/* End PBXNativeTarget section */

/* Begin PBXProject section */
		DC4C474B2B175E980008DCA9 /* Project object */ = {
			isa = PBXProject;
			attributes = {
				BuildIndependentTargetsInParallel = 1;
				LastUpgradeCheck = 1500;
				TargetAttributes = {
					DC4C47522B175E980008DCA9 = {
						CreatedOnToolsVersion = 15.0.1;
					};
				};
			};
			buildConfigurationList = DC4C474E2B175E980008DCA9 /* Build configuration list for PBXProject "hw5cs204" */;
			compatibilityVersion = "Xcode 14.0";
			developmentRegion = en;
			hasScannedForEncodings = 0;
			knownRegions = (
				en,
				Base,
			);
			mainGroup = DC4C474A2B175E980008DCA9;
			productRefGroup = DC4C47542B175E980008DCA9 /* Products */;
			projectDirPath = "";
			projectRoot = "";
			targets = (
				DC4C47522B175E980008DCA9 /* hw5cs204 */,
			);
		};
/* End PBXProject section */

/* Begin PBXSourcesBuildPhase section */
		DC4C474F2B175E980008DCA9 /* Sources */ = {
			isa = PBXSourcesBuildPhase;
			buildActionMask = 2147483647;
			files = (
				DC4C47572B175E980008DCA9 /* habibe.koseoglu_Koseoglu_Habibe_hw5_main.cpp in Sources */,
			);
			runOnlyForDeploymentPostprocessing = 0;
		};
/* End PBXSourcesBuildPhase section */

/* Begin XCBuildConfiguration section */
		DC4C47582B175E980008DCA9 /* Debug */ = {
			isa = XCBuildConfiguration;
			buildSettings = {
				ALWAYS_SEARCH_USER_PATHS = NO;
				ASSETCATALOG_COMPILER_GENERATE_SWIFT_ASSET_SYMBOL_EXTENSIONS = YES;
				CLANG_ANALYZER_NONNULL = YES;
				CLANG_ANALYZER_NUMBER_OBJECT_CONVERSION = YES_AGGRESSIVE;
				CLANG_CXX_LANGUAGE_STANDARD = "gnu++20";
				CLANG_ENABLE_MODULES = YES;
				CLANG_ENABLE_OBJC_ARC = YES;
				CLANG_ENABLE_OBJC_WEAK = YES;
				CLANG_WARN_BLOCK_CAPTURE_AUTORELEASING = YES;
				CLANG_WARN_BOOL_CONVERSION = YES;
				CLANG_WARN_COMMA = YES;
				CLANG_WARN_CONSTANT_CONVERSION = YES;
				CLANG_WARN_DEPRECATED_OBJC_IMPLEMENTATIONS = YES;
				CLANG_WARN_DIRECT_OBJC_ISA_USAGE = YES_ERROR;
				CLANG_WARN_DOCUMENTATION_COMMENTS = YES;
				CLANG_WARN_EMPTY_BODY = YES;
				CLANG_WARN_ENUM_CONVERSION = YES;
				CLANG_WARN_INFINITE_RECURSION = YES;
				CLANG_WARN_INT_CONVERSION = YES;
				CLANG_WARN_NON_LITERAL_NULL_CONVERSION = YES;
				CLANG_WARN_OBJC_IMPLICIT_RETAIN_SELF = YES;
				CLANG_WARN_OBJC_LITERAL_CONVERSION = YES;
				CLANG_WARN_OBJC_ROOT_CLASS = YES_ERROR;
				CLANG_WARN_QUOTED_INCLUDE_IN_FRAMEWORK_HEADER = YES;
				CLANG_WARN_RANGE_LOOP_ANALYSIS = YES;
				CLANG_WARN_STRICT_PROTOTYPES = YES;
				CLANG_WARN_SUSPICIOUS_MOVE = YES;
				CLANG_WARN_UNGUARDED_AVAILABILITY = YES_AGGRESSIVE;
				CLANG_WARN_UNREACHABLE_CODE = YES;
				CLANG_WARN__DUPLICATE_METHOD_MATCH = YES;
				COPY_PHASE_STRIP = NO;
				DEBUG_INFORMATION_FORMAT = dwarf;
				ENABLE_STRICT_OBJC_MSGSEND = YES;
				ENABLE_TESTABILITY = YES;
				ENABLE_USER_SCRIPT_SANDBOXING = YES;
				GCC_C_LANGUAGE_STANDARD = gnu17;
				GCC_DYNAMIC_NO_PIC = NO;
				GCC_NO_COMMON_BLOCKS = YES;
				GCC_OPTIMIZATION_LEVEL = 0;
				GCC_PREPROCESSOR_DEFINITIONS = (
					"DEBUG=1",
					"$(inherited)",
				);
				GCC_WARN_64_TO_32_BIT_CONVERSION = YES;
				GCC_WARN_ABOUT_RETURN_TYPE = YES_ERROR;
				GCC_WARN_UNDECLARED_SELECTOR = YES;
				GCC_WARN_UNINITIALIZED_AUTOS = YES_AGGRESSIVE;
				GCC_WARN_UNUSED_FUNCTION = YES;
				GCC_WARN_UNUSED_VARIABLE = YES;
				LOCALIZATION_PREFERS_STRING_CATALOGS = YES;
				MACOSX_DEPLOYMENT_TARGET = 14.0;
				MTL_ENABLE_DEBUG_INFO = INCLUDE_SOURCE;
				MTL_FAST_MATH = YES;
				ONLY_ACTIVE_ARCH = YES;
				SDKROOT = macosx;
			};
			name = Debug;
		};
		DC4C47592B175E980008DCA9 /* Release */ = {
			isa = XCBuildConfiguration;
			buildSettings = {
				ALWAYS_SEARCH_USER_PATHS = NO;
				ASSETCATALOG_COMPILER_GENERATE_SWIFT_ASSET_SYMBOL_EXTENSIONS = YES;
				CLANG_ANALYZER_NONNULL = YES;
				CLANG_ANALYZER_NUMBER_OBJECT_CONVERSION = YES_AGGRESSIVE;
				CLANG_CXX_LANGUAGE_STANDARD = "gnu++20";
				CLANG_ENABLE_MODULES = YES;
				CLANG_ENABLE_OBJC_ARC = YES;
				CLANG_ENABLE_OBJC_WEAK = YES;
				CLANG_WARN_BLOCK_CAPTURE_AUTORELEASING = YES;
				CLANG_WARN_BOOL_CONVERSION = YES;
				CLANG_WARN_COMMA = YES;
				CLANG_WARN_CONSTANT_CONVERSION = YES;
				CLANG_WARN_DEPRECATED_OBJC_IMPLEMENTATIONS = YES;
				CLANG_WARN_DIRECT_OBJC_ISA_USAGE = YES_ERROR;
				CLANG_WARN_DOCUMENTATION_COMMENTS = YES;
				CLANG_WARN_EMPTY_BODY = YES;
				CLANG_WARN_ENUM_CONVERSION = YES;
				CLANG_WARN_INFINITE_RECURSION = YES;
				CLANG_WARN_INT_CONVERSION = YES;
				CLANG_WARN_NON_LITERAL_NULL_CONVERSION = YES;
				CLANG_WARN_OBJC_IMPLICIT_RETAIN_SELF = YES;
				CLANG_WARN_OBJC_LITERAL_CONVERSION = YES;
				CLANG_WARN_OBJC_ROOT_CLASS = YES_ERROR;
				CLANG_WARN_QUOTED_INCLUDE_IN_FRAMEWORK_HEADER = YES;
				CLANG_WARN_RANGE_LOOP_ANALYSIS = YES;
				CLANG_WARN_STRICT_PROTOTYPES = YES;
				CLANG_WARN_SUSPICIOUS_MOVE = YES;
				CLANG_WARN_UNGUARDED_AVAILABILITY = YES_AGGRESSIVE;
				CLANG_WARN_UNREACHABLE_CODE = YES;
				CLANG_WARN__DUPLICATE_METHOD_MATCH = YES;
				COPY_PHASE_STRIP = NO;
				DEBUG_INFORMATION_FORMAT = "dwarf-with-dsym";
				ENABLE_NS_ASSERTIONS = NO;
				ENABLE_STRICT_OBJC_MSGSEND = YES;
				ENABLE_USER_SCRIPT_SANDBOXING = YES;
				GCC_C_LANGUAGE_STANDARD = gnu17;
				GCC_NO_COMMON_BLOCKS = YES;
				GCC_WARN_64_TO_32_BIT_CONVERSION = YES;
				GCC_WARN_ABOUT_RETURN_TYPE = YES_ERROR;
				GCC_WARN_UNDECLARED_SELECTOR = YES;
				GCC_WARN_UNINITIALIZED_AUTOS = YES_AGGRESSIVE;
				GCC_WARN_UNUSED_FUNCTION = YES;
				GCC_WARN_UNUSED_VARIABLE = YES;
				LOCALIZATION_PREFERS_STRING_CATALOGS = YES;
				MACOSX_DEPLOYMENT_TARGET = 14.0;
				MTL_ENABLE_DEBUG_INFO = NO;
				MTL_FAST_MATH = YES;
				SDKROOT = macosx;
			};
			name = Release;
		};
		DC4C475B2B175E980008DCA9 /* Debug */ = {
			isa = XCBuildConfiguration;
			buildSettings = {
				CODE_SIGN_STYLE = Automatic;
				PRODUCT_NAME = "$(TARGET_NAME)";
			};
			name = Debug;
		};
		DC4C475C2B175E980008DCA9 /* Release */ = {
			isa = XCBuildConfiguration;
			buildSettings = {
				CODE_SIGN_STYLE = Automatic;
				PRODUCT_NAME = "$(TARGET_NAME)";
			};
			name = Release;
		};
/* End XCBuildConfiguration section */

/* Begin XCConfigurationList section */
		DC4C474E2B175E980008DCA9 /* Build configuration list for PBXProject "hw5cs204" */ = {
			isa = XCConfigurationList;
			buildConfigurations = (
				DC4C47582B175E980008DCA9 /* Debug */,
				DC4C47592B175E980008DCA9 /* Release */,
			);
			defaultConfigurationIsVisible = 0;
			defaultConfigurationName = Release;
		};
		DC4C475A2B175E980008DCA9 /* Build configuration list for PBXNativeTarget "hw5cs204" */ = {
			isa = XCConfigurationList;
			buildConfigurations = (
				DC4C475B2B175E980008DCA9 /* Debug */,
				DC4C475C2B175E980008DCA9 /* Release */,
			);
			defaultConfigurationIsVisible = 0;
			defaultConfigurationName = Release;
		};
/* End XCConfigurationList section */
	};
	rootObject = DC4C474B2B175E980008DCA9 /* Project object */;
}
